# @generated by Move, please check-in and do not edit manually.

[move]
version = 3
manifest_digest = "3E095B1F396FACFF44D843086D7FAA4F06B85D74B1846D6E03779F854AFA3109"
deps_digest = "F9B494B64F0615AED0E98FC12A85B85ECD2BC5185C22D30E7F67786BB52E507C"
dependencies = [
  { id = "Bridge", name = "Bridge" },
  { id = "MoveStdlib", name = "MoveStdlib" },
  { id = "Sui", name = "Sui" },
  { id = "SuiSystem", name = "SuiSystem" },
]

[[move.package]]
id = "Bridge"
source = { git = "https://github.com/MystenLabs/sui.git", rev = "e54b798790ed", subdir = "crates/sui-framework/packages/bridge" }

dependencies = [
  { id = "MoveStdlib", name = "MoveStdlib" },
  { id = "Sui", name = "Sui" },
  { id = "SuiSystem", name = "SuiSystem" },
]

[[move.package]]
id = "MoveStdlib"
source = { git = "https://github.com/MystenLabs/sui.git", rev = "e54b798790ed", subdir = "crates/sui-framework/packages/move-stdlib" }

[[move.package]]
id = "Sui"
source = { git = "https://github.com/MystenLabs/sui.git", rev = "e54b798790ed", subdir = "crates/sui-framework/packages/sui-framework" }

dependencies = [
  { id = "MoveStdlib", name = "MoveStdlib" },
]

[[move.package]]
id = "SuiSystem"
source = { git = "https://github.com/MystenLabs/sui.git", rev = "e54b798790ed", subdir = "crates/sui-framework/packages/sui-system" }

dependencies = [
  { id = "MoveStdlib", name = "MoveStdlib" },
  { id = "Sui", name = "Sui" },
]

[move.toolchain-version]
compiler-version = "1.48.0"
edition = "2024.beta"
flavor = "sui"

[env]

[env.devnet]
chain-id = "0924eade"
original-published-id = "0x0d5dd4147810f3e1f55ea973813d7a584dc0870216460a9f3b11e22251c7a820"
latest-published-id = "0x0d5dd4147810f3e1f55ea973813d7a584dc0870216460a9f3b11e22251c7a820"
published-version = "1"

[env.testnet]
chain-id = "4c78adac"
original-published-id = "0xe173c15f4ee89ca7616c81b32bad6263733ee13c3c68f1cbcc14c28bde6e6a13"
latest-published-id = "0xe173c15f4ee89ca7616c81b32bad6263733ee13c3c68f1cbcc14c28bde6e6a13"
published-version = "1"
