# @generated by Move, please check-in and do not edit manually.

[move]
version = 3
manifest_digest = "3E095B1F396FACFF44D843086D7FAA4F06B85D74B1846D6E03779F854AFA3109"
deps_digest = "F9B494B64F0615AED0E98FC12A85B85ECD2BC5185C22D30E7F67786BB52E507C"
dependencies = [
  { id = "Bridge", name = "Bridge" },
  { id = "MoveStdlib", name = "MoveStdlib" },
  { id = "Sui", name = "Sui" },
  { id = "SuiSystem", name = "SuiSystem" },
]

[[move.package]]
id = "Bridge"
source = { git = "https://github.com/MystenLabs/sui.git", rev = "e54b798790ed", subdir = "crates/sui-framework/packages/bridge" }

dependencies = [
  { id = "MoveStdlib", name = "MoveStdlib" },
  { id = "Sui", name = "Sui" },
  { id = "SuiSystem", name = "SuiSystem" },
]

[[move.package]]
id = "MoveStdlib"
source = { git = "https://github.com/MystenLabs/sui.git", rev = "e54b798790ed", subdir = "crates/sui-framework/packages/move-stdlib" }

[[move.package]]
id = "Sui"
source = { git = "https://github.com/MystenLabs/sui.git", rev = "e54b798790ed", subdir = "crates/sui-framework/packages/sui-framework" }

dependencies = [
  { id = "MoveStdlib", name = "MoveStdlib" },
]

[[move.package]]
id = "SuiSystem"
source = { git = "https://github.com/MystenLabs/sui.git", rev = "e54b798790ed", subdir = "crates/sui-framework/packages/sui-system" }

dependencies = [
  { id = "MoveStdlib", name = "MoveStdlib" },
  { id = "Sui", name = "Sui" },
]

[move.toolchain-version]
compiler-version = "1.48.0"
edition = "2024.beta"
flavor = "sui"

[env]

[env.devnet]
chain-id = "f12dda03"
original-published-id = "0xbac06fc88b3fbec6dd7fd3466e1de2ea4872a3999c3641dc8c4d74ec75f56f3d"
latest-published-id = "0x83ea0f3f23a80398cdd2a2f24fd2b0da053c5e316154945266c9a8921d144628"
published-version = "2"
